// !$*UTF8*$!
{
	archiveVersion = 1;
	classes = {
	};
	objectVersion = 56;
	objects = {

/* Begin PBXBuildFile section */
		DA338FDE2AA8C7800097981E /* SlothCreatorApp.swift in Sources */ = {isa = PBXBuildFile; fileRef = DA338FDD2AA8C7800097981E /* SlothCreatorApp.swift */; };
		DA338FE02AA8C7800097981E /* ContentView.swift in Sources */ = {isa = PBXBuildFile; fileRef = DA338FDF2AA8C7800097981E /* ContentView.swift */; };
		DA338FE22AA8C7810097981E /* Assets.xcassets in Resources */ = {isa = PBXBuildFile; fileRef = DA338FE12AA8C7810097981E /* Assets.xcassets */; };
		DA338FE62AA8C7810097981E /* Preview Assets.xcassets in Resources */ = {isa = PBXBuildFile; fileRef = DA338FE52AA8C7810097981E /* Preview Assets.xcassets */; };
		DA338FF02AA8C7810097981E /* SlothCreatorTests.swift in Sources */ = {isa = PBXBuildFile; fileRef = DA338FEF2AA8C7810097981E /* SlothCreatorTests.swift */; };
		DA338FFA2AA8C7810097981E /* SlothCreatorUITests.swift in Sources */ = {isa = PBXBuildFile; fileRef = DA338FF92AA8C7810097981E /* SlothCreatorUITests.swift */; };
		DA338FFC2AA8C7810097981E /* SlothCreatorUITestsLaunchTests.swift in Sources */ = {isa = PBXBuildFile; fileRef = DA338FFB2AA8C7810097981E /* SlothCreatorUITestsLaunchTests.swift */; };
/* End PBXBuildFile section */

/* Begin PBXContainerItemProxy section */
		DA338FEC2AA8C7810097981E /* PBXContainerItemProxy */ = {
			isa = PBXContainerItemProxy;
			containerPortal = DA338FD22AA8C7800097981E /* Project object */;
			proxyType = 1;
			remoteGlobalIDString = DA338FD92AA8C7800097981E;
			remoteInfo = SlothCreator;
		};
		DA338FF62AA8C7810097981E /* PBXContainerItemProxy */ = {
			isa = PBXContainerItemProxy;
			containerPortal = DA338FD22AA8C7800097981E /* Project object */;
			proxyType = 1;
			remoteGlobalIDString = DA338FD92AA8C7800097981E;
			remoteInfo = SlothCreator;
		};
/* End PBXContainerItemProxy section */

/* Begin PBXFileReference section */
		DA338FDA2AA8C7800097981E /* SlothCreator.app */ = {isa = PBXFileReference; explicitFileType = wrapper.application; includeInIndex = 0; path = SlothCreator.app; sourceTree = BUILT_PRODUCTS_DIR; };
		DA338FDD2AA8C7800097981E /* SlothCreatorApp.swift */ = {isa = PBXFileReference; lastKnownFileType = sourcecode.swift; path = SlothCreatorApp.swift; sourceTree = "<group>"; };
		DA338FDF2AA8C7800097981E /* ContentView.swift */ = {isa = PBXFileReference; lastKnownFileType = sourcecode.swift; path = ContentView.swift; sourceTree = "<group>"; };
		DA338FE12AA8C7810097981E /* Assets.xcassets */ = {isa = PBXFileReference; lastKnownFileType = folder.assetcatalog; path = Assets.xcassets; sourceTree = "<group>"; };
		DA338FE32AA8C7810097981E /* SlothCreator.entitlements */ = {isa = PBXFileReference; lastKnownFileType = text.plist.entitlements; path = SlothCreator.entitlements; sourceTree = "<group>"; };
		DA338FE52AA8C7810097981E /* Preview Assets.xcassets */ = {isa = PBXFileReference; lastKnownFileType = folder.assetcatalog; path = "Preview Assets.xcassets"; sourceTree = "<group>"; };
		DA338FEB2AA8C7810097981E /* SlothCreatorTests.xctest */ = {isa = PBXFileReference; explicitFileType = wrapper.cfbundle; includeInIndex = 0; path = SlothCreatorTests.xctest; sourceTree = BUILT_PRODUCTS_DIR; };
		DA338FEF2AA8C7810097981E /* SlothCreatorTests.swift */ = {isa = PBXFileReference; lastKnownFileType = sourcecode.swift; path = SlothCreatorTests.swift; sourceTree = "<group>"; };
		DA338FF52AA8C7810097981E /* SlothCreatorUITests.xctest */ = {isa = PBXFileReference; explicitFileType = wrapper.cfbundle; includeInIndex = 0; path = SlothCreatorUITests.xctest; sourceTree = BUILT_PRODUCTS_DIR; };
		DA338FF92AA8C7810097981E /* SlothCreatorUITests.swift */ = {isa = PBXFileReference; lastKnownFileType = sourcecode.swift; path = SlothCreatorUITests.swift; sourceTree = "<group>"; };
		DA338FFB2AA8C7810097981E /* SlothCreatorUITestsLaunchTests.swift */ = {isa = PBXFileReference; lastKnownFileType = sourcecode.swift; path = SlothCreatorUITestsLaunchTests.swift; sourceTree = "<group>"; };
/* End PBXFileReference section */

/* Begin PBXFrameworksBuildPhase section */
		DA338FD72AA8C7800097981E /* Frameworks */ = {
			isa = PBXFrameworksBuildPhase;
			buildActionMask = 2147483647;
			files = (
			);
			runOnlyForDeploymentPostprocessing = 0;
		};
		DA338FE82AA8C7810097981E /* Frameworks */ = {
			isa = PBXFrameworksBuildPhase;
			buildActionMask = 2147483647;
			files = (
			);
			runOnlyForDeploymentPostprocessing = 0;
		};
		DA338FF22AA8C7810097981E /* Frameworks */ = {
			isa = PBXFrameworksBuildPhase;
			buildActionMask = 2147483647;
			files = (
			);
			runOnlyForDeploymentPostprocessing = 0;
		};
/* End PBXFrameworksBuildPhase section */

/* Begin PBXGroup section */
		DA338FD12AA8C7800097981E = {
			isa = PBXGroup;
			children = (
				DA338FDC2AA8C7800097981E /* SlothCreator */,
				DA338FEE2AA8C7810097981E /* SlothCreatorTests */,
				DA338FF82AA8C7810097981E /* SlothCreatorUITests */,
				DA338FDB2AA8C7800097981E /* Products */,
			);
			sourceTree = "<group>";
		};
		DA338FDB2AA8C7800097981E /* Products */ = {
			isa = PBXGroup;
			children = (
				DA338FDA2AA8C7800097981E /* SlothCreator.app */,
				DA338FEB2AA8C7810097981E /* SlothCreatorTests.xctest */,
				DA338FF52AA8C7810097981E /* SlothCreatorUITests.xctest */,
			);
			name = Products;
			sourceTree = "<group>";
		};
		DA338FDC2AA8C7800097981E /* SlothCreator */ = {
			isa = PBXGroup;
			children = (
				DA338FDD2AA8C7800097981E /* SlothCreatorApp.swift */,
				DA338FDF2AA8C7800097981E /* ContentView.swift */,
				DA338FE12AA8C7810097981E /* Assets.xcassets */,
				DA338FE32AA8C7810097981E /* SlothCreator.entitlements */,
				DA338FE42AA8C7810097981E /* Preview Content */,
			);
			path = SlothCreator;
			sourceTree = "<group>";
		};
		DA338FE42AA8C7810097981E /* Preview Content */ = {
			isa = PBXGroup;
			children = (
				DA338FE52AA8C7810097981E /* Preview Assets.xcassets */,
			);
			path = "Preview Content";
			sourceTree = "<group>";
		};
		DA338FEE2AA8C7810097981E /* SlothCreatorTests */ = {
			isa = PBXGroup;
			children = (
				DA338FEF2AA8C7810097981E /* SlothCreatorTests.swift */,
			);
			path = SlothCreatorTests;
			sourceTree = "<group>";
		};
		DA338FF82AA8C7810097981E /* SlothCreatorUITests */ = {
			isa = PBXGroup;
			children = (
				DA338FF92AA8C7810097981E /* SlothCreatorUITests.swift */,
				DA338FFB2AA8C7810097981E /* SlothCreatorUITestsLaunchTests.swift */,
			);
			path = SlothCreatorUITests;
			sourceTree = "<group>";
		};
/* End PBXGroup section */

/* Begin PBXNativeTarget section */
		DA338FD92AA8C7800097981E /* SlothCreator */ = {
			isa = PBXNativeTarget;
			buildConfigurationList = DA338FFF2AA8C7810097981E /* Build configuration list for PBXNativeTarget "SlothCreator" */;
			buildPhases = (
				DA338FD62AA8C7800097981E /* Sources */,
				DA338FD72AA8C7800097981E /* Frameworks */,
				DA338FD82AA8C7800097981E /* Resources */,
			);
			buildRules = (
			);
			dependencies = (
			);
			name = SlothCreator;
			productName = SlothCreator;
			productReference = DA338FDA2AA8C7800097981E /* SlothCreator.app */;
			productType = "com.apple.product-type.application";
		};
		DA338FEA2AA8C7810097981E /* SlothCreatorTests */ = {
			isa = PBXNativeTarget;
			buildConfigurationList = DA3390022AA8C7810097981E /* Build configuration list for PBXNativeTarget "SlothCreatorTests" */;
			buildPhases = (
				DA338FE72AA8C7810097981E /* Sources */,
				DA338FE82AA8C7810097981E /* Frameworks */,
				DA338FE92AA8C7810097981E /* Resources */,
			);
			buildRules = (
			);
			dependencies = (
				DA338FED2AA8C7810097981E /* PBXTargetDependency */,
			);
			name = SlothCreatorTests;
			productName = SlothCreatorTests;
			productReference = DA338FEB2AA8C7810097981E /* SlothCreatorTests.xctest */;
			productType = "com.apple.product-type.bundle.unit-test";
		};
		DA338FF42AA8C7810097981E /* SlothCreatorUITests */ = {
			isa = PBXNativeTarget;
			buildConfigurationList = DA3390052AA8C7810097981E /* Build configuration list for PBXNativeTarget "SlothCreatorUITests" */;
			buildPhases = (
				DA338FF12AA8C7810097981E /* Sources */,
				DA338FF22AA8C7810097981E /* Frameworks */,
				DA338FF32AA8C7810097981E /* Resources */,
			);
			buildRules = (
			);
			dependencies = (
				DA338FF72AA8C7810097981E /* PBXTargetDependency */,
			);
			name = SlothCreatorUITests;
			productName = SlothCreatorUITests;
			productReference = DA338FF52AA8C7810097981E /* SlothCreatorUITests.xctest */;
			productType = "com.apple.product-type.bundle.ui-testing";
		};
/* End PBXNativeTarget section */

/* Begin PBXProject section */
		DA338FD22AA8C7800097981E /* Project object */ = {
			isa = PBXProject;
			attributes = {
				BuildIndependentTargetsInParallel = 1;
				LastSwiftUpdateCheck = 1430;
				LastUpgradeCheck = 1430;
				TargetAttributes = {
					DA338FD92AA8C7800097981E = {
						CreatedOnToolsVersion = 14.3.1;
					};
					DA338FEA2AA8C7810097981E = {
						CreatedOnToolsVersion = 14.3.1;
						TestTargetID = DA338FD92AA8C7800097981E;
					};
					DA338FF42AA8C7810097981E = {
						CreatedOnToolsVersion = 14.3.1;
						TestTargetID = DA338FD92AA8C7800097981E;
					};
				};
			};
			buildConfigurationList = DA338FD52AA8C7800097981E /* Build configuration list for PBXProject "SlothCreator" */;
			compatibilityVersion = "Xcode 14.0";
			developmentRegion = en;
			hasScannedForEncodings = 0;
			knownRegions = (
				en,
				Base,
			);
			mainGroup = DA338FD12AA8C7800097981E;
			productRefGroup = DA338FDB2AA8C7800097981E /* Products */;
			projectDirPath = "";
			projectRoot = "";
			targets = (
				DA338FD92AA8C7800097981E /* SlothCreator */,
				DA338FEA2AA8C7810097981E /* SlothCreatorTests */,
				DA338FF42AA8C7810097981E /* SlothCreatorUITests */,
			);
		};
/* End PBXProject section */

/* Begin PBXResourcesBuildPhase section */
		DA338FD82AA8C7800097981E /* Resources */ = {
			isa = PBXResourcesBuildPhase;
			buildActionMask = 2147483647;
			files = (
				DA338FE62AA8C7810097981E /* Preview Assets.xcassets in Resources */,
				DA338FE22AA8C7810097981E /* Assets.xcassets in Resources */,
			);
			runOnlyForDeploymentPostprocessing = 0;
		};
		DA338FE92AA8C7810097981E /* Resources */ = {
			isa = PBXResourcesBuildPhase;
			buildActionMask = 2147483647;
			files = (
			);
			runOnlyForDeploymentPostprocessing = 0;
		};
		DA338FF32AA8C7810097981E /* Resources */ = {
			isa = PBXResourcesBuildPhase;
			buildActionMask = 2147483647;
			files = (
			);
			runOnlyForDeploymentPostprocessing = 0;
		};
/* End PBXResourcesBuildPhase section */

/* Begin PBXSourcesBuildPhase section */
		DA338FD62AA8C7800097981E /* Sources */ = {
			isa = PBXSourcesBuildPhase;
			buildActionMask = 2147483647;
			files = (
				DA338FE02AA8C7800097981E /* ContentView.swift in Sources */,
				DA338FDE2AA8C7800097981E /* SlothCreatorApp.swift in Sources */,
			);
			runOnlyForDeploymentPostprocessing = 0;
		};
		DA338FE72AA8C7810097981E /* Sources */ = {
			isa = PBXSourcesBuildPhase;
			buildActionMask = 2147483647;
			files = (
				DA338FF02AA8C7810097981E /* SlothCreatorTests.swift in Sources */,
			);
			runOnlyForDeploymentPostprocessing = 0;
		};
		DA338FF12AA8C7810097981E /* Sources */ = {
			isa = PBXSourcesBuildPhase;
			buildActionMask = 2147483647;
			files = (
				DA338FFC2AA8C7810097981E /* SlothCreatorUITestsLaunchTests.swift in Sources */,
				DA338FFA2AA8C7810097981E /* SlothCreatorUITests.swift in Sources */,
			);
			runOnlyForDeploymentPostprocessing = 0;
		};
/* End PBXSourcesBuildPhase section */

/* Begin PBXTargetDependency section */
		DA338FED2AA8C7810097981E /* PBXTargetDependency */ = {
			isa = PBXTargetDependency;
			target = DA338FD92AA8C7800097981E /* SlothCreator */;
			targetProxy = DA338FEC2AA8C7810097981E /* PBXContainerItemProxy */;
		};
		DA338FF72AA8C7810097981E /* PBXTargetDependency */ = {
			isa = PBXTargetDependency;
			target = DA338FD92AA8C7800097981E /* SlothCreator */;
			targetProxy = DA338FF62AA8C7810097981E /* PBXContainerItemProxy */;
		};
/* End PBXTargetDependency section */

/* Begin XCBuildConfiguration section */
		DA338FFD2AA8C7810097981E /* Debug */ = {
			isa = XCBuildConfiguration;
			buildSettings = {
				ALWAYS_SEARCH_USER_PATHS = NO;
				CLANG_ANALYZER_NONNULL = YES;
				CLANG_ANALYZER_NUMBER_OBJECT_CONVERSION = YES_AGGRESSIVE;
				CLANG_CXX_LANGUAGE_STANDARD = "gnu++20";
				CLANG_ENABLE_MODULES = YES;
				CLANG_ENABLE_OBJC_ARC = YES;
				CLANG_ENABLE_OBJC_WEAK = YES;
				CLANG_WARN_BLOCK_CAPTURE_AUTORELEASING = YES;
				CLANG_WARN_BOOL_CONVERSION = YES;
				CLANG_WARN_COMMA = YES;
				CLANG_WARN_CONSTANT_CONVERSION = YES;
				CLANG_WARN_DEPRECATED_OBJC_IMPLEMENTATIONS = YES;
				CLANG_WARN_DIRECT_OBJC_ISA_USAGE = YES_ERROR;
				CLANG_WARN_DOCUMENTATION_COMMENTS = YES;
				CLANG_WARN_EMPTY_BODY = YES;
				CLANG_WARN_ENUM_CONVERSION = YES;
				CLANG_WARN_INFINITE_RECURSION = YES;
				CLANG_WARN_INT_CONVERSION = YES;
				CLANG_WARN_NON_LITERAL_NULL_CONVERSION = YES;
				CLANG_WARN_OBJC_IMPLICIT_RETAIN_SELF = YES;
				CLANG_WARN_OBJC_LITERAL_CONVERSION = YES;
				CLANG_WARN_OBJC_ROOT_CLASS = YES_ERROR;
				CLANG_WARN_QUOTED_INCLUDE_IN_FRAMEWORK_HEADER = YES;
				CLANG_WARN_RANGE_LOOP_ANALYSIS = YES;
				CLANG_WARN_STRICT_PROTOTYPES = YES;
				CLANG_WARN_SUSPICIOUS_MOVE = YES;
				CLANG_WARN_UNGUARDED_AVAILABILITY = YES_AGGRESSIVE;
				CLANG_WARN_UNREACHABLE_CODE = YES;
				CLANG_WARN__DUPLICATE_METHOD_MATCH = YES;
				COPY_PHASE_STRIP = NO;
				DEBUG_INFORMATION_FORMAT = dwarf;
				ENABLE_STRICT_OBJC_MSGSEND = YES;
				ENABLE_TESTABILITY = YES;
				GCC_C_LANGUAGE_STANDARD = gnu11;
				GCC_DYNAMIC_NO_PIC = NO;
				GCC_NO_COMMON_BLOCKS = YES;
				GCC_OPTIMIZATION_LEVEL = 0;
				GCC_PREPROCESSOR_DEFINITIONS = (
					"DEBUG=1",
					"$(inherited)",
				);
				GCC_WARN_64_TO_32_BIT_CONVERSION = YES;
				GCC_WARN_ABOUT_RETURN_TYPE = YES_ERROR;
				GCC_WARN_UNDECLARED_SELECTOR = YES;
				GCC_WARN_UNINITIALIZED_AUTOS = YES_AGGRESSIVE;
				GCC_WARN_UNUSED_FUNCTION = YES;
				GCC_WARN_UNUSED_VARIABLE = YES;
				MTL_ENABLE_DEBUG_INFO = INCLUDE_SOURCE;
				MTL_FAST_MATH = YES;
				ONLY_ACTIVE_ARCH = YES;
				SWIFT_ACTIVE_COMPILATION_CONDITIONS = DEBUG;
				SWIFT_OPTIMIZATION_LEVEL = "-Onone";
			};
			name = Debug;
		};
		DA338FFE2AA8C7810097981E /* Release */ = {
			isa = XCBuildConfiguration;
			buildSettings = {
				ALWAYS_SEARCH_USER_PATHS = NO;
				CLANG_ANALYZER_NONNULL = YES;
				CLANG_ANALYZER_NUMBER_OBJECT_CONVERSION = YES_AGGRESSIVE;
				CLANG_CXX_LANGUAGE_STANDARD = "gnu++20";
				CLANG_ENABLE_MODULES = YES;
				CLANG_ENABLE_OBJC_ARC = YES;
				CLANG_ENABLE_OBJC_WEAK = YES;
				CLANG_WARN_BLOCK_CAPTURE_AUTORELEASING = YES;
				CLANG_WARN_BOOL_CONVERSION = YES;
				CLANG_WARN_COMMA = YES;
				CLANG_WARN_CONSTANT_CONVERSION = YES;
				CLANG_WARN_DEPRECATED_OBJC_IMPLEMENTATIONS = YES;
				CLANG_WARN_DIRECT_OBJC_ISA_USAGE = YES_ERROR;
				CLANG_WARN_DOCUMENTATION_COMMENTS = YES;
				CLANG_WARN_EMPTY_BODY = YES;
				CLANG_WARN_ENUM_CONVERSION = YES;
				CLANG_WARN_INFINITE_RECURSION = YES;
				CLANG_WARN_INT_CONVERSION = YES;
				CLANG_WARN_NON_LITERAL_NULL_CONVERSION = YES;
				CLANG_WARN_OBJC_IMPLICIT_RETAIN_SELF = YES;
				CLANG_WARN_OBJC_LITERAL_CONVERSION = YES;
				CLANG_WARN_OBJC_ROOT_CLASS = YES_ERROR;
				CLANG_WARN_QUOTED_INCLUDE_IN_FRAMEWORK_HEADER = YES;
				CLANG_WARN_RANGE_LOOP_ANALYSIS = YES;
				CLANG_WARN_STRICT_PROTOTYPES = YES;
				CLANG_WARN_SUSPICIOUS_MOVE = YES;
				CLANG_WARN_UNGUARDED_AVAILABILITY = YES_AGGRESSIVE;
				CLANG_WARN_UNREACHABLE_CODE = YES;
				CLANG_WARN__DUPLICATE_METHOD_MATCH = YES;
				COPY_PHASE_STRIP = NO;
				DEBUG_INFORMATION_FORMAT = "dwarf-with-dsym";
				ENABLE_NS_ASSERTIONS = NO;
				ENABLE_STRICT_OBJC_MSGSEND = YES;
				GCC_C_LANGUAGE_STANDARD = gnu11;
				GCC_NO_COMMON_BLOCKS = YES;
				GCC_WARN_64_TO_32_BIT_CONVERSION = YES;
				GCC_WARN_ABOUT_RETURN_TYPE = YES_ERROR;
				GCC_WARN_UNDECLARED_SELECTOR = YES;
				GCC_WARN_UNINITIALIZED_AUTOS = YES_AGGRESSIVE;
				GCC_WARN_UNUSED_FUNCTION = YES;
				GCC_WARN_UNUSED_VARIABLE = YES;
				MTL_ENABLE_DEBUG_INFO = NO;
				MTL_FAST_MATH = YES;
				SWIFT_COMPILATION_MODE = wholemodule;
				SWIFT_OPTIMIZATION_LEVEL = "-O";
			};
			name = Release;
		};
		DA3390002AA8C7810097981E /* Debug */ = {
			isa = XCBuildConfiguration;
			buildSettings = {
				ASSETCATALOG_COMPILER_APPICON_NAME = AppIcon;
				ASSETCATALOG_COMPILER_GLOBAL_ACCENT_COLOR_NAME = AccentColor;
				CODE_SIGN_ENTITLEMENTS = SlothCreator/SlothCreator.entitlements;
				CODE_SIGN_STYLE = Automatic;
				CURRENT_PROJECT_VERSION = 1;
				DEVELOPMENT_ASSET_PATHS = "\"SlothCreator/Preview Content\"";
				DEVELOPMENT_TEAM = 9YBU4ACFDJ;
				ENABLE_HARDENED_RUNTIME = YES;
				ENABLE_PREVIEWS = YES;
				GENERATE_INFOPLIST_FILE = YES;
				"INFOPLIST_KEY_UIApplicationSceneManifest_Generation[sdk=iphoneos*]" = YES;
				"INFOPLIST_KEY_UIApplicationSceneManifest_Generation[sdk=iphonesimulator*]" = YES;
				"INFOPLIST_KEY_UIApplicationSupportsIndirectInputEvents[sdk=iphoneos*]" = YES;
				"INFOPLIST_KEY_UIApplicationSupportsIndirectInputEvents[sdk=iphonesimulator*]" = YES;
				"INFOPLIST_KEY_UILaunchScreen_Generation[sdk=iphoneos*]" = YES;
				"INFOPLIST_KEY_UILaunchScreen_Generation[sdk=iphonesimulator*]" = YES;
				"INFOPLIST_KEY_UIStatusBarStyle[sdk=iphoneos*]" = UIStatusBarStyleDefault;
				"INFOPLIST_KEY_UIStatusBarStyle[sdk=iphonesimulator*]" = UIStatusBarStyleDefault;
				INFOPLIST_KEY_UISupportedInterfaceOrientations_iPad = "UIInterfaceOrientationPortrait UIInterfaceOrientationPortraitUpsideDown UIInterfaceOrientationLandscapeLeft UIInterfaceOrientationLandscapeRight";
				INFOPLIST_KEY_UISupportedInterfaceOrientations_iPhone = "UIInterfaceOrientationPortrait UIInterfaceOrientationLandscapeLeft UIInterfaceOrientationLandscapeRight";
				IPHONEOS_DEPLOYMENT_TARGET = 16.4;
				LD_RUNPATH_SEARCH_PATHS = "@executable_path/Frameworks";
				"LD_RUNPATH_SEARCH_PATHS[sdk=macosx*]" = "@executable_path/../Frameworks";
				MACOSX_DEPLOYMENT_TARGET = 13.3;
				MARKETING_VERSION = 1.0;
				PRODUCT_BUNDLE_IDENTIFIER = paula.SlothCreator;
				PRODUCT_NAME = "$(TARGET_NAME)";
				SDKROOT = auto;
				SUPPORTED_PLATFORMS = "iphoneos iphonesimulator macosx";
				SWIFT_EMIT_LOC_STRINGS = YES;
				SWIFT_VERSION = 5.0;
				TARGETED_DEVICE_FAMILY = "1,2";
			};
			name = Debug;
		};
		DA3390012AA8C7810097981E /* Release */ = {
			isa = XCBuildConfiguration;
			buildSettings = {
				ASSETCATALOG_COMPILER_APPICON_NAME = AppIcon;
				ASSETCATALOG_COMPILER_GLOBAL_ACCENT_COLOR_NAME = AccentColor;
				CODE_SIGN_ENTITLEMENTS = SlothCreator/SlothCreator.entitlements;
				CODE_SIGN_STYLE = Automatic;
				CURRENT_PROJECT_VERSION = 1;
				DEVELOPMENT_ASSET_PATHS = "\"SlothCreator/Preview Content\"";
				DEVELOPMENT_TEAM = 9YBU4ACFDJ;
				ENABLE_HARDENED_RUNTIME = YES;
				ENABLE_PREVIEWS = YES;
				GENERATE_INFOPLIST_FILE = YES;
				"INFOPLIST_KEY_UIApplicationSceneManifest_Generation[sdk=iphoneos*]" = YES;
				"INFOPLIST_KEY_UIApplicationSceneManifest_Generation[sdk=iphonesimulator*]" = YES;
				"INFOPLIST_KEY_UIApplicationSupportsIndirectInputEvents[sdk=iphoneos*]" = YES;
				"INFOPLIST_KEY_UIApplicationSupportsIndirectInputEvents[sdk=iphonesimulator*]" = YES;
				"INFOPLIST_KEY_UILaunchScreen_Generation[sdk=iphoneos*]" = YES;
				"INFOPLIST_KEY_UILaunchScreen_Generation[sdk=iphonesimulator*]" = YES;
				"INFOPLIST_KEY_UIStatusBarStyle[sdk=iphoneos*]" = UIStatusBarStyleDefault;
				"INFOPLIST_KEY_UIStatusBarStyle[sdk=iphonesimulator*]" = UIStatusBarStyleDefault;
				INFOPLIST_KEY_UISupportedInterfaceOrientations_iPad = "UIInterfaceOrientationPortrait UIInterfaceOrientationPortraitUpsideDown UIInterfaceOrientationLandscapeLeft UIInterfaceOrientationLandscapeRight";
				INFOPLIST_KEY_UISupportedInterfaceOrientations_iPhone = "UIInterfaceOrientationPortrait UIInterfaceOrientationLandscapeLeft UIInterfaceOrientationLandscapeRight";
				IPHONEOS_DEPLOYMENT_TARGET = 16.4;
				LD_RUNPATH_SEARCH_PATHS = "@executable_path/Frameworks";
				"LD_RUNPATH_SEARCH_PATHS[sdk=macosx*]" = "@executable_path/../Frameworks";
				MACOSX_DEPLOYMENT_TARGET = 13.3;
				MARKETING_VERSION = 1.0;
				PRODUCT_BUNDLE_IDENTIFIER = paula.SlothCreator;
				PRODUCT_NAME = "$(TARGET_NAME)";
				SDKROOT = auto;
				SUPPORTED_PLATFORMS = "iphoneos iphonesimulator macosx";
				SWIFT_EMIT_LOC_STRINGS = YES;
				SWIFT_VERSION = 5.0;
				TARGETED_DEVICE_FAMILY = "1,2";
			};
			name = Release;
		};
		DA3390032AA8C7810097981E /* Debug */ = {
			isa = XCBuildConfiguration;
			buildSettings = {
				ALWAYS_EMBED_SWIFT_STANDARD_LIBRARIES = YES;
				BUNDLE_LOADER = "$(TEST_HOST)";
				CODE_SIGN_STYLE = Automatic;
				CURRENT_PROJECT_VERSION = 1;
				DEVELOPMENT_TEAM = 9YBU4ACFDJ;
				GENERATE_INFOPLIST_FILE = YES;
				IPHONEOS_DEPLOYMENT_TARGET = 16.4;
				MACOSX_DEPLOYMENT_TARGET = 13.3;
				MARKETING_VERSION = 1.0;
				PRODUCT_BUNDLE_IDENTIFIER = paula.SlothCreatorTests;
				PRODUCT_NAME = "$(TARGET_NAME)";
				SDKROOT = auto;
				SUPPORTED_PLATFORMS = "iphoneos iphonesimulator macosx";
				SWIFT_EMIT_LOC_STRINGS = NO;
				SWIFT_VERSION = 5.0;
				TARGETED_DEVICE_FAMILY = "1,2";
				TEST_HOST = "$(BUILT_PRODUCTS_DIR)/SlothCreator.app/$(BUNDLE_EXECUTABLE_FOLDER_PATH)/SlothCreator";
			};
			name = Debug;
		};
		DA3390042AA8C7810097981E /* Release */ = {
			isa = XCBuildConfiguration;
			buildSettings = {
				ALWAYS_EMBED_SWIFT_STANDARD_LIBRARIES = YES;
				BUNDLE_LOADER = "$(TEST_HOST)";
				CODE_SIGN_STYLE = Automatic;
				CURRENT_PROJECT_VERSION = 1;
				DEVELOPMENT_TEAM = 9YBU4ACFDJ;
				GENERATE_INFOPLIST_FILE = YES;
				IPHONEOS_DEPLOYMENT_TARGET = 16.4;
				MACOSX_DEPLOYMENT_TARGET = 13.3;
				MARKETING_VERSION = 1.0;
				PRODUCT_BUNDLE_IDENTIFIER = paula.SlothCreatorTests;
				PRODUCT_NAME = "$(TARGET_NAME)";
				SDKROOT = auto;
				SUPPORTED_PLATFORMS = "iphoneos iphonesimulator macosx";
				SWIFT_EMIT_LOC_STRINGS = NO;
				SWIFT_VERSION = 5.0;
				TARGETED_DEVICE_FAMILY = "1,2";
				TEST_HOST = "$(BUILT_PRODUCTS_DIR)/SlothCreator.app/$(BUNDLE_EXECUTABLE_FOLDER_PATH)/SlothCreator";
			};
			name = Release;
		};
		DA3390062AA8C7810097981E /* Debug */ = {
			isa = XCBuildConfiguration;
			buildSettings = {
				ALWAYS_EMBED_SWIFT_STANDARD_LIBRARIES = YES;
				CODE_SIGN_STYLE = Automatic;
				CURRENT_PROJECT_VERSION = 1;
				DEVELOPMENT_TEAM = 9YBU4ACFDJ;
				GENERATE_INFOPLIST_FILE = YES;
				IPHONEOS_DEPLOYMENT_TARGET = 16.4;
				MACOSX_DEPLOYMENT_TARGET = 13.3;
				MARKETING_VERSION = 1.0;
				PRODUCT_BUNDLE_IDENTIFIER = paula.SlothCreatorUITests;
				PRODUCT_NAME = "$(TARGET_NAME)";
				SDKROOT = auto;
				SUPPORTED_PLATFORMS = "iphoneos iphonesimulator macosx";
				SWIFT_EMIT_LOC_STRINGS = NO;
				SWIFT_VERSION = 5.0;
				TARGETED_DEVICE_FAMILY = "1,2";
				TEST_TARGET_NAME = SlothCreator;
			};
			name = Debug;
		};
		DA3390072AA8C7810097981E /* Release */ = {
			isa = XCBuildConfiguration;
			buildSettings = {
				ALWAYS_EMBED_SWIFT_STANDARD_LIBRARIES = YES;
				CODE_SIGN_STYLE = Automatic;
				CURRENT_PROJECT_VERSION = 1;
				DEVELOPMENT_TEAM = 9YBU4ACFDJ;
				GENERATE_INFOPLIST_FILE = YES;
				IPHONEOS_DEPLOYMENT_TARGET = 16.4;
				MACOSX_DEPLOYMENT_TARGET = 13.3;
				MARKETING_VERSION = 1.0;
				PRODUCT_BUNDLE_IDENTIFIER = paula.SlothCreatorUITests;
				PRODUCT_NAME = "$(TARGET_NAME)";
				SDKROOT = auto;
				SUPPORTED_PLATFORMS = "iphoneos iphonesimulator macosx";
				SWIFT_EMIT_LOC_STRINGS = NO;
				SWIFT_VERSION = 5.0;
				TARGETED_DEVICE_FAMILY = "1,2";
				TEST_TARGET_NAME = SlothCreator;
			};
			name = Release;
		};
/* End XCBuildConfiguration section */

/* Begin XCConfigurationList section */
		DA338FD52AA8C7800097981E /* Build configuration list for PBXProject "SlothCreator" */ = {
			isa = XCConfigurationList;
			buildConfigurations = (
				DA338FFD2AA8C7810097981E /* Debug */,
				DA338FFE2AA8C7810097981E /* Release */,
			);
			defaultConfigurationIsVisible = 0;
			defaultConfigurationName = Release;
		};
		DA338FFF2AA8C7810097981E /* Build configuration list for PBXNativeTarget "SlothCreator" */ = {
			isa = XCConfigurationList;
			buildConfigurations = (
				DA3390002AA8C7810097981E /* Debug */,
				DA3390012AA8C7810097981E /* Release */,
			);
			defaultConfigurationIsVisible = 0;
			defaultConfigurationName = Release;
		};
		DA3390022AA8C7810097981E /* Build configuration list for PBXNativeTarget "SlothCreatorTests" */ = {
			isa = XCConfigurationList;
			buildConfigurations = (
				DA3390032AA8C7810097981E /* Debug */,
				DA3390042AA8C7810097981E /* Release */,
			);
			defaultConfigurationIsVisible = 0;
			defaultConfigurationName = Release;
		};
		DA3390052AA8C7810097981E /* Build configuration list for PBXNativeTarget "SlothCreatorUITests" */ = {
			isa = XCConfigurationList;
			buildConfigurations = (
				DA3390062AA8C7810097981E /* Debug */,
				DA3390072AA8C7810097981E /* Release */,
			);
			defaultConfigurationIsVisible = 0;
			defaultConfigurationName = Release;
		};
/* End XCConfigurationList section */
	};
	rootObject = DA338FD22AA8C7800097981E /* Project object */;
}
